
Microsoft Visual Studio Solution File, Format Version 12.00
# Visual Studio Version 16
VisualStudioVersion = 16.0.30011.22
MinimumVisualStudioVersion = 10.0.40219.1
Project("{9A19103F-16F7-4668-BE54-9A1E7A4F7556}") = "RushHour", "RushHour\RushHour.csproj", "{6B60A740-CADA-416B-AA1C-017EEFC5F76F}"
EndProject
Project("{9A19103F-16F7-4668-BE54-9A1E7A4F7556}") = "RushHour.Data", "RushHour.Data\RushHour.Data.csproj", "{5BD0D89A-2174-43E0-BDF7-C814909BDFC9}"
EndProject
Project("{9A19103F-16F7-4668-BE54-9A1E7A4F7556}") = "RushHour.Domain", "RushHour.Domain\RushHour.Domain.csproj", "{BAEA0C4B-497E-4714-87F7-0B2AD032CC67}"
EndProject
Project("{9A19103F-16F7-4668-BE54-9A1E7A4F7556}") = "RushHour.Domain.Services", "RushHour.Domain.Services\RushHour.Domain.Services.csproj", "{DB6D9FBE-E8FE-41AC-8339-06F997230580}"
EndProject
Project("{FAE04EC0-301F-11D3-BF4B-00C04F79EFBC}") = "RushHour.Services.Tests", "RushHour.Services.Tests\RushHour.Services.Tests.csproj", "{0737E31E-6B57-4265-BA01-B0082FEFFD1C}"
EndProject
Global
	GlobalSection(SolutionConfigurationPlatforms) = preSolution
		Debug|Any CPU = Debug|Any CPU
		Release|Any CPU = Release|Any CPU
	EndGlobalSection
	GlobalSection(ProjectConfigurationPlatforms) = postSolution
		{6B60A740-CADA-416B-AA1C-017EEFC5F76F}.Debug|Any CPU.ActiveCfg = Debug|Any CPU
		{6B60A740-CADA-416B-AA1C-017EEFC5F76F}.Debug|Any CPU.Build.0 = Debug|Any CPU
		{6B60A740-CADA-416B-AA1C-017EEFC5F76F}.Release|Any CPU.ActiveCfg = Release|Any CPU
		{6B60A740-CADA-416B-AA1C-017EEFC5F76F}.Release|Any CPU.Build.0 = Release|Any CPU
		{5BD0D89A-2174-43E0-BDF7-C814909BDFC9}.Debug|Any CPU.ActiveCfg = Debug|Any CPU
		{5BD0D89A-2174-43E0-BDF7-C814909BDFC9}.Debug|Any CPU.Build.0 = Debug|Any CPU
		{5BD0D89A-2174-43E0-BDF7-C814909BDFC9}.Release|Any CPU.ActiveCfg = Release|Any CPU
		{5BD0D89A-2174-43E0-BDF7-C814909BDFC9}.Release|Any CPU.Build.0 = Release|Any CPU
		{BAEA0C4B-497E-4714-87F7-0B2AD032CC67}.Debug|Any CPU.ActiveCfg = Debug|Any CPU
		{BAEA0C4B-497E-4714-87F7-0B2AD032CC67}.Debug|Any CPU.Build.0 = Debug|Any CPU
		{BAEA0C4B-497E-4714-87F7-0B2AD032CC67}.Release|Any CPU.ActiveCfg = Release|Any CPU
		{BAEA0C4B-497E-4714-87F7-0B2AD032CC67}.Release|Any CPU.Build.0 = Release|Any CPU
		{DB6D9FBE-E8FE-41AC-8339-06F997230580}.Debug|Any CPU.ActiveCfg = Debug|Any CPU
		{DB6D9FBE-E8FE-41AC-8339-06F997230580}.Debug|Any CPU.Build.0 = Debug|Any CPU
		{DB6D9FBE-E8FE-41AC-8339-06F997230580}.Release|Any CPU.ActiveCfg = Release|Any CPU
		{DB6D9FBE-E8FE-41AC-8339-06F997230580}.Release|Any CPU.Build.0 = Release|Any CPU
		{0737E31E-6B57-4265-BA01-B0082FEFFD1C}.Debug|Any CPU.ActiveCfg = Debug|Any CPU
		{0737E31E-6B57-4265-BA01-B0082FEFFD1C}.Debug|Any CPU.Build.0 = Debug|Any CPU
		{0737E31E-6B57-4265-BA01-B0082FEFFD1C}.Release|Any CPU.ActiveCfg = Release|Any CPU
		{0737E31E-6B57-4265-BA01-B0082FEFFD1C}.Release|Any CPU.Build.0 = Release|Any CPU
	EndGlobalSection
	GlobalSection(SolutionProperties) = preSolution
		HideSolutionNode = FALSE
	EndGlobalSection
	GlobalSection(ExtensibilityGlobals) = postSolution
		SolutionGuid = {BE54A67A-CC25-4ED3-8D4A-51FEFD079376}
	EndGlobalSection
EndGlobal
